
Microsoft Visual Studio Solution File, Format Version 12.00
# Visual Studio Version 17
VisualStudioVersion = 17.2.32516.85
MinimumVisualStudioVersion = 10.0.40219.1
Project("{FAE04EC0-301F-11D3-BF4B-00C04F79EFBC}") = "Database_Reader", "Database_Reader.csproj", "{D02EDD50-D891-461F-997B-C562895F1AAD}"
EndProject
Global
	GlobalSection(SolutionConfigurationPlatforms) = preSolution
		Debug|Any CPU = Debug|Any CPU
		Release|Any CPU = Release|Any CPU
	EndGlobalSection
	GlobalSection(ProjectConfigurationPlatforms) = postSolution
		{D02EDD50-D891-461F-997B-C562895F1AAD}.Debug|Any CPU.ActiveCfg = Debug|Any CPU
		{D02EDD50-D891-461F-997B-C562895F1AAD}.Debug|Any CPU.Build.0 = Debug|Any CPU
		{D02EDD50-D891-461F-997B-C562895F1AAD}.Release|Any CPU.ActiveCfg = Release|Any CPU
		{D02EDD50-D891-461F-997B-C562895F1AAD}.Release|Any CPU.Build.0 = Release|Any CPU
	EndGlobalSection
	GlobalSection(SolutionProperties) = preSolution
		HideSolutionNode = FALSE
	EndGlobalSection
	GlobalSection(ExtensibilityGlobals) = postSolution
		SolutionGuid = {7583F605-2978-453A-A0DC-C78F9F561AB4}
	EndGlobalSection
EndGlobal
